
Microsoft Visual Studio Solution File, Format Version 12.00
# Visual Studio 14
VisualStudioVersion = 14.0.24720.0
MinimumVisualStudioVersion = 10.0.40219.1
Project("{8BC9CEB8-8B4A-11D0-8D11-00A0C91BC942}") = "RGlobStatic", "RGlobStatic\RGlobStatic.vcxproj", "{4AAA19AD-D112-4954-BF57-E26FB0DC850A}"
EndProject
Project("{8BC9CEB8-8B4A-11D0-8D11-00A0C91BC942}") = "t0", "t0\t0.vcxproj", "{F80E2C43-D682-4BC5-89C5-8BC2858A9406}"
EndProject
Global
	GlobalSection(SolutionConfigurationPlatforms) = preSolution
		Debug|x64 = Debug|x64
		Debug|x86 = Debug|x86
		Release|x64 = Release|x64
		Release|x86 = Release|x86
	EndGlobalSection
	GlobalSection(ProjectConfigurationPlatforms) = postSolution
		{4AAA19AD-D112-4954-BF57-E26FB0DC850A}.Debug|x64.ActiveCfg = Debug|x64
		{4AAA19AD-D112-4954-BF57-E26FB0DC850A}.Debug|x64.Build.0 = Debug|x64
		{4AAA19AD-D112-4954-BF57-E26FB0DC850A}.Debug|x86.ActiveCfg = Debug|Win32
		{4AAA19AD-D112-4954-BF57-E26FB0DC850A}.Debug|x86.Build.0 = Debug|Win32
		{4AAA19AD-D112-4954-BF57-E26FB0DC850A}.Release|x64.ActiveCfg = Release|x64
		{4AAA19AD-D112-4954-BF57-E26FB0DC850A}.Release|x64.Build.0 = Release|x64
		{4AAA19AD-D112-4954-BF57-E26FB0DC850A}.Release|x86.ActiveCfg = Release|Win32
		{4AAA19AD-D112-4954-BF57-E26FB0DC850A}.Release|x86.Build.0 = Release|Win32
		{F80E2C43-D682-4BC5-89C5-8BC2858A9406}.Debug|x64.ActiveCfg = Debug|x64
		{F80E2C43-D682-4BC5-89C5-8BC2858A9406}.Debug|x64.Build.0 = Debug|x64
		{F80E2C43-D682-4BC5-89C5-8BC2858A9406}.Debug|x86.ActiveCfg = Debug|Win32
		{F80E2C43-D682-4BC5-89C5-8BC2858A9406}.Debug|x86.Build.0 = Debug|Win32
		{F80E2C43-D682-4BC5-89C5-8BC2858A9406}.Release|x64.ActiveCfg = Release|x64
		{F80E2C43-D682-4BC5-89C5-8BC2858A9406}.Release|x64.Build.0 = Release|x64
		{F80E2C43-D682-4BC5-89C5-8BC2858A9406}.Release|x86.ActiveCfg = Release|Win32
		{F80E2C43-D682-4BC5-89C5-8BC2858A9406}.Release|x86.Build.0 = Release|Win32
	EndGlobalSection
	GlobalSection(SolutionProperties) = preSolution
		HideSolutionNode = FALSE
	EndGlobalSection
EndGlobal
